// !$*UTF8*$!
{
	archiveVersion = 1;
	classes = {
	};
	objectVersion = 46;
	objects = {

/* Begin PBXBuildFile section */
		1859946A1CAB97DE00C8D700 /* AppDelegate.swift in Sources */ = {isa = PBXBuildFile; fileRef = 185994691CAB97DE00C8D700 /* AppDelegate.swift */; };
		1859946C1CAB97DE00C8D700 /* FirstViewController.swift in Sources */ = {isa = PBXBuildFile; fileRef = 1859946B1CAB97DE00C8D700 /* FirstViewController.swift */; };
		1859946E1CAB97DE00C8D700 /* SecondViewController.swift in Sources */ = {isa = PBXBuildFile; fileRef = 1859946D1CAB97DE00C8D700 /* SecondViewController.swift */; };
		185994711CAB97DE00C8D700 /* Main.storyboard in Resources */ = {isa = PBXBuildFile; fileRef = 1859946F1CAB97DE00C8D700 /* Main.storyboard */; };
		185994731CAB97DE00C8D700 /* Assets.xcassets in Resources */ = {isa = PBXBuildFile; fileRef = 185994721CAB97DE00C8D700 /* Assets.xcassets */; };
		185994761CAB97DE00C8D700 /* LaunchScreen.storyboard in Resources */ = {isa = PBXBuildFile; fileRef = 185994741CAB97DE00C8D700 /* LaunchScreen.storyboard */; };
		185994811CAB97DE00C8D700 /* Paradox_IOSTests.swift in Sources */ = {isa = PBXBuildFile; fileRef = 185994801CAB97DE00C8D700 /* Paradox_IOSTests.swift */; };
/* End PBXBuildFile section */

/* Begin PBXContainerItemProxy section */
		1859947D1CAB97DE00C8D700 /* PBXContainerItemProxy */ = {
			isa = PBXContainerItemProxy;
			containerPortal = 1859945E1CAB97DE00C8D700 /* Project object */;
			proxyType = 1;
			remoteGlobalIDString = 185994651CAB97DE00C8D700;
			remoteInfo = "Paradox-IOS";
		};
/* End PBXContainerItemProxy section */

/* Begin PBXFileReference section */
		185994661CAB97DE00C8D700 /* Paradox-IOS.app */ = {isa = PBXFileReference; explicitFileType = wrapper.application; includeInIndex = 0; path = "Paradox-IOS.app"; sourceTree = BUILT_PRODUCTS_DIR; };
		185994691CAB97DE00C8D700 /* AppDelegate.swift */ = {isa = PBXFileReference; lastKnownFileType = sourcecode.swift; path = AppDelegate.swift; sourceTree = "<group>"; };
		1859946B1CAB97DE00C8D700 /* FirstViewController.swift */ = {isa = PBXFileReference; lastKnownFileType = sourcecode.swift; path = FirstViewController.swift; sourceTree = "<group>"; };
		1859946D1CAB97DE00C8D700 /* SecondViewController.swift */ = {isa = PBXFileReference; lastKnownFileType = sourcecode.swift; path = SecondViewController.swift; sourceTree = "<group>"; };
		185994701CAB97DE00C8D700 /* Base */ = {isa = PBXFileReference; lastKnownFileType = file.storyboard; name = Base; path = Base.lproj/Main.storyboard; sourceTree = "<group>"; };
		185994721CAB97DE00C8D700 /* Assets.xcassets */ = {isa = PBXFileReference; lastKnownFileType = folder.assetcatalog; path = Assets.xcassets; sourceTree = "<group>"; };
		185994751CAB97DE00C8D700 /* Base */ = {isa = PBXFileReference; lastKnownFileType = file.storyboard; name = Base; path = Base.lproj/LaunchScreen.storyboard; sourceTree = "<group>"; };
		185994771CAB97DE00C8D700 /* Info.plist */ = {isa = PBXFileReference; lastKnownFileType = text.plist.xml; path = Info.plist; sourceTree = "<group>"; };
		1859947C1CAB97DE00C8D700 /* Paradox-IOSTests.xctest */ = {isa = PBXFileReference; explicitFileType = wrapper.cfbundle; includeInIndex = 0; path = "Paradox-IOSTests.xctest"; sourceTree = BUILT_PRODUCTS_DIR; };
		185994801CAB97DE00C8D700 /* Paradox_IOSTests.swift */ = {isa = PBXFileReference; lastKnownFileType = sourcecode.swift; path = Paradox_IOSTests.swift; sourceTree = "<group>"; };
		185994821CAB97DE00C8D700 /* Info.plist */ = {isa = PBXFileReference; lastKnownFileType = text.plist.xml; path = Info.plist; sourceTree = "<group>"; };
/* End PBXFileReference section */

/* Begin PBXFrameworksBuildPhase section */
		185994631CAB97DE00C8D700 /* Frameworks */ = {
			isa = PBXFrameworksBuildPhase;
			buildActionMask = 2147483647;
			files = (
			);
			runOnlyForDeploymentPostprocessing = 0;
		};
		185994791CAB97DE00C8D700 /* Frameworks */ = {
			isa = PBXFrameworksBuildPhase;
			buildActionMask = 2147483647;
			files = (
			);
			runOnlyForDeploymentPostprocessing = 0;
		};
/* End PBXFrameworksBuildPhase section */

/* Begin PBXGroup section */
		1859945D1CAB97DE00C8D700 = {
			isa = PBXGroup;
			children = (
				185994681CAB97DE00C8D700 /* Paradox-IOS */,
				1859947F1CAB97DE00C8D700 /* Paradox-IOSTests */,
				185994671CAB97DE00C8D700 /* Products */,
			);
			sourceTree = "<group>";
		};
		185994671CAB97DE00C8D700 /* Products */ = {
			isa = PBXGroup;
			children = (
				185994661CAB97DE00C8D700 /* Paradox-IOS.app */,
				1859947C1CAB97DE00C8D700 /* Paradox-IOSTests.xctest */,
			);
			name = Products;
			sourceTree = "<group>";
		};
		185994681CAB97DE00C8D700 /* Paradox-IOS */ = {
			isa = PBXGroup;
			children = (
				185994691CAB97DE00C8D700 /* AppDelegate.swift */,
				1859946B1CAB97DE00C8D700 /* FirstViewController.swift */,
				1859946D1CAB97DE00C8D700 /* SecondViewController.swift */,
				1859946F1CAB97DE00C8D700 /* Main.storyboard */,
				185994721CAB97DE00C8D700 /* Assets.xcassets */,
				185994741CAB97DE00C8D700 /* LaunchScreen.storyboard */,
				185994771CAB97DE00C8D700 /* Info.plist */,
			);
			path = "Paradox-IOS";
			sourceTree = "<group>";
		};
		1859947F1CAB97DE00C8D700 /* Paradox-IOSTests */ = {
			isa = PBXGroup;
			children = (
				185994801CAB97DE00C8D700 /* Paradox_IOSTests.swift */,
				185994821CAB97DE00C8D700 /* Info.plist */,
			);
			path = "Paradox-IOSTests";
			sourceTree = "<group>";
		};
/* End PBXGroup section */

/* Begin PBXNativeTarget section */
		185994651CAB97DE00C8D700 /* Paradox-IOS */ = {
			isa = PBXNativeTarget;
			buildConfigurationList = 185994851CAB97DE00C8D700 /* Build configuration list for PBXNativeTarget "Paradox-IOS" */;
			buildPhases = (
				185994621CAB97DE00C8D700 /* Sources */,
				185994631CAB97DE00C8D700 /* Frameworks */,
				185994641CAB97DE00C8D700 /* Resources */,
			);
			buildRules = (
			);
			dependencies = (
			);
			name = "Paradox-IOS";
			productName = "Paradox-IOS";
			productReference = 185994661CAB97DE00C8D700 /* Paradox-IOS.app */;
			productType = "com.apple.product-type.application";
		};
		1859947B1CAB97DE00C8D700 /* Paradox-IOSTests */ = {
			isa = PBXNativeTarget;
			buildConfigurationList = 185994881CAB97DE00C8D700 /* Build configuration list for PBXNativeTarget "Paradox-IOSTests" */;
			buildPhases = (
				185994781CAB97DE00C8D700 /* Sources */,
				185994791CAB97DE00C8D700 /* Frameworks */,
				1859947A1CAB97DE00C8D700 /* Resources */,
			);
			buildRules = (
			);
			dependencies = (
				1859947E1CAB97DE00C8D700 /* PBXTargetDependency */,
			);
			name = "Paradox-IOSTests";
			productName = "Paradox-IOSTests";
			productReference = 1859947C1CAB97DE00C8D700 /* Paradox-IOSTests.xctest */;
			productType = "com.apple.product-type.bundle.unit-test";
		};
/* End PBXNativeTarget section */

/* Begin PBXProject section */
		1859945E1CAB97DE00C8D700 /* Project object */ = {
			isa = PBXProject;
			attributes = {
				LastSwiftUpdateCheck = 0730;
				LastUpgradeCheck = 0730;
				ORGANIZATIONNAME = "Ananth Chillarige";
				TargetAttributes = {
					185994651CAB97DE00C8D700 = {
						CreatedOnToolsVersion = 7.3;
					};
					1859947B1CAB97DE00C8D700 = {
						CreatedOnToolsVersion = 7.3;
						TestTargetID = 185994651CAB97DE00C8D700;
					};
				};
			};
			buildConfigurationList = 185994611CAB97DE00C8D700 /* Build configuration list for PBXProject "Paradox-IOS" */;
			compatibilityVersion = "Xcode 3.2";
			developmentRegion = English;
			hasScannedForEncodings = 0;
			knownRegions = (
				en,
				Base,
			);
			mainGroup = 1859945D1CAB97DE00C8D700;
			productRefGroup = 185994671CAB97DE00C8D700 /* Products */;
			projectDirPath = "";
			projectRoot = "";
			targets = (
				185994651CAB97DE00C8D700 /* Paradox-IOS */,
				1859947B1CAB97DE00C8D700 /* Paradox-IOSTests */,
			);
		};
/* End PBXProject section */

/* Begin PBXResourcesBuildPhase section */
		185994641CAB97DE00C8D700 /* Resources */ = {
			isa = PBXResourcesBuildPhase;
			buildActionMask = 2147483647;
			files = (
				185994761CAB97DE00C8D700 /* LaunchScreen.storyboard in Resources */,
				185994731CAB97DE00C8D700 /* Assets.xcassets in Resources */,
				185994711CAB97DE00C8D700 /* Main.storyboard in Resources */,
			);
			runOnlyForDeploymentPostprocessing = 0;
		};
		1859947A1CAB97DE00C8D700 /* Resources */ = {
			isa = PBXResourcesBuildPhase;
			buildActionMask = 2147483647;
			files = (
			);
			runOnlyForDeploymentPostprocessing = 0;
		};
/* End PBXResourcesBuildPhase section */

/* Begin PBXSourcesBuildPhase section */
		185994621CAB97DE00C8D700 /* Sources */ = {
			isa = PBXSourcesBuildPhase;
			buildActionMask = 2147483647;
			files = (
				1859946E1CAB97DE00C8D700 /* SecondViewController.swift in Sources */,
				1859946A1CAB97DE00C8D700 /* AppDelegate.swift in Sources */,
				1859946C1CAB97DE00C8D700 /* FirstViewController.swift in Sources */,
			);
			runOnlyForDeploymentPostprocessing = 0;
		};
		185994781CAB97DE00C8D700 /* Sources */ = {
			isa = PBXSourcesBuildPhase;
			buildActionMask = 2147483647;
			files = (
				185994811CAB97DE00C8D700 /* Paradox_IOSTests.swift in Sources */,
			);
			runOnlyForDeploymentPostprocessing = 0;
		};
/* End PBXSourcesBuildPhase section */

/* Begin PBXTargetDependency section */
		1859947E1CAB97DE00C8D700 /* PBXTargetDependency */ = {
			isa = PBXTargetDependency;
			target = 185994651CAB97DE00C8D700 /* Paradox-IOS */;
			targetProxy = 1859947D1CAB97DE00C8D700 /* PBXContainerItemProxy */;
		};
/* End PBXTargetDependency section */

/* Begin PBXVariantGroup section */
		1859946F1CAB97DE00C8D700 /* Main.storyboard */ = {
			isa = PBXVariantGroup;
			children = (
				185994701CAB97DE00C8D700 /* Base */,
			);
			name = Main.storyboard;
			sourceTree = "<group>";
		};
		185994741CAB97DE00C8D700 /* LaunchScreen.storyboard */ = {
			isa = PBXVariantGroup;
			children = (
				185994751CAB97DE00C8D700 /* Base */,
			);
			name = LaunchScreen.storyboard;
			sourceTree = "<group>";
		};
/* End PBXVariantGroup section */

/* Begin XCBuildConfiguration section */
		185994831CAB97DE00C8D700 /* Debug */ = {
			isa = XCBuildConfiguration;
			buildSettings = {
				ALWAYS_SEARCH_USER_PATHS = NO;
				CLANG_ANALYZER_NONNULL = YES;
				CLANG_CXX_LANGUAGE_STANDARD = "gnu++0x";
				CLANG_CXX_LIBRARY = "libc++";
				CLANG_ENABLE_MODULES = YES;
				CLANG_ENABLE_OBJC_ARC = YES;
				CLANG_WARN_BOOL_CONVERSION = YES;
				CLANG_WARN_CONSTANT_CONVERSION = YES;
				CLANG_WARN_DIRECT_OBJC_ISA_USAGE = YES_ERROR;
				CLANG_WARN_EMPTY_BODY = YES;
				CLANG_WARN_ENUM_CONVERSION = YES;
				CLANG_WARN_INT_CONVERSION = YES;
				CLANG_WARN_OBJC_ROOT_CLASS = YES_ERROR;
				CLANG_WARN_UNREACHABLE_CODE = YES;
				CLANG_WARN__DUPLICATE_METHOD_MATCH = YES;
				"CODE_SIGN_IDENTITY[sdk=iphoneos*]" = "iPhone Developer";
				COPY_PHASE_STRIP = NO;
				DEBUG_INFORMATION_FORMAT = dwarf;
				ENABLE_STRICT_OBJC_MSGSEND = YES;
				ENABLE_TESTABILITY = YES;
				GCC_C_LANGUAGE_STANDARD = gnu99;
				GCC_DYNAMIC_NO_PIC = NO;
				GCC_NO_COMMON_BLOCKS = YES;
				GCC_OPTIMIZATION_LEVEL = 0;
				GCC_PREPROCESSOR_DEFINITIONS = (
					"DEBUG=1",
					"$(inherited)",
				);
				GCC_WARN_64_TO_32_BIT_CONVERSION = YES;
				GCC_WARN_ABOUT_RETURN_TYPE = YES_ERROR;
				GCC_WARN_UNDECLARED_SELECTOR = YES;
				GCC_WARN_UNINITIALIZED_AUTOS = YES_AGGRESSIVE;
				GCC_WARN_UNUSED_FUNCTION = YES;
				GCC_WARN_UNUSED_VARIABLE = YES;
				IPHONEOS_DEPLOYMENT_TARGET = 9.3;
				MTL_ENABLE_DEBUG_INFO = YES;
				ONLY_ACTIVE_ARCH = YES;
				SDKROOT = iphoneos;
				SWIFT_OPTIMIZATION_LEVEL = "-Onone";
				TARGETED_DEVICE_FAMILY = "1,2";
			};
			name = Debug;
		};
		185994841CAB97DE00C8D700 /* Release */ = {
			isa = XCBuildConfiguration;
			buildSettings = {
				ALWAYS_SEARCH_USER_PATHS = NO;
				CLANG_ANALYZER_NONNULL = YES;
				CLANG_CXX_LANGUAGE_STANDARD = "gnu++0x";
				CLANG_CXX_LIBRARY = "libc++";
				CLANG_ENABLE_MODULES = YES;
				CLANG_ENABLE_OBJC_ARC = YES;
				CLANG_WARN_BOOL_CONVERSION = YES;
				CLANG_WARN_CONSTANT_CONVERSION = YES;
				CLANG_WARN_DIRECT_OBJC_ISA_USAGE = YES_ERROR;
				CLANG_WARN_EMPTY_BODY = YES;
				CLANG_WARN_ENUM_CONVERSION = YES;
				CLANG_WARN_INT_CONVERSION = YES;
				CLANG_WARN_OBJC_ROOT_CLASS = YES_ERROR;
				CLANG_WARN_UNREACHABLE_CODE = YES;
				CLANG_WARN__DUPLICATE_METHOD_MATCH = YES;
				"CODE_SIGN_IDENTITY[sdk=iphoneos*]" = "iPhone Developer";
				COPY_PHASE_STRIP = NO;
				DEBUG_INFORMATION_FORMAT = "dwarf-with-dsym";
				ENABLE_NS_ASSERTIONS = NO;
				ENABLE_STRICT_OBJC_MSGSEND = YES;
				GCC_C_LANGUAGE_STANDARD = gnu99;
				GCC_NO_COMMON_BLOCKS = YES;
				GCC_WARN_64_TO_32_BIT_CONVERSION = YES;
				GCC_WARN_ABOUT_RETURN_TYPE = YES_ERROR;
				GCC_WARN_UNDECLARED_SELECTOR = YES;
				GCC_WARN_UNINITIALIZED_AUTOS = YES_AGGRESSIVE;
				GCC_WARN_UNUSED_FUNCTION = YES;
				GCC_WARN_UNUSED_VARIABLE = YES;
				IPHONEOS_DEPLOYMENT_TARGET = 9.3;
				MTL_ENABLE_DEBUG_INFO = NO;
				SDKROOT = iphoneos;
				TARGETED_DEVICE_FAMILY = "1,2";
				VALIDATE_PRODUCT = YES;
			};
			name = Release;
		};
		185994861CAB97DE00C8D700 /* Debug */ = {
			isa = XCBuildConfiguration;
			buildSettings = {
				ASSETCATALOG_COMPILER_APPICON_NAME = AppIcon;
				INFOPLIST_FILE = "Paradox-IOS/Info.plist";
				LD_RUNPATH_SEARCH_PATHS = "$(inherited) @executable_path/Frameworks";
				PRODUCT_BUNDLE_IDENTIFIER = "achillarige.Paradox-IOS";
				PRODUCT_NAME = "$(TARGET_NAME)";
			};
			name = Debug;
		};
		185994871CAB97DE00C8D700 /* Release */ = {
			isa = XCBuildConfiguration;
			buildSettings = {
				ASSETCATALOG_COMPILER_APPICON_NAME = AppIcon;
				INFOPLIST_FILE = "Paradox-IOS/Info.plist";
				LD_RUNPATH_SEARCH_PATHS = "$(inherited) @executable_path/Frameworks";
				PRODUCT_BUNDLE_IDENTIFIER = "achillarige.Paradox-IOS";
				PRODUCT_NAME = "$(TARGET_NAME)";
			};
			name = Release;
		};
		185994891CAB97DE00C8D700 /* Debug */ = {
			isa = XCBuildConfiguration;
			buildSettings = {
				BUNDLE_LOADER = "$(TEST_HOST)";
				INFOPLIST_FILE = "Paradox-IOSTests/Info.plist";
				LD_RUNPATH_SEARCH_PATHS = "$(inherited) @executable_path/Frameworks @loader_path/Frameworks";
				PRODUCT_BUNDLE_IDENTIFIER = "achillarige.Paradox-IOSTests";
				PRODUCT_NAME = "$(TARGET_NAME)";
				TEST_HOST = "$(BUILT_PRODUCTS_DIR)/Paradox-IOS.app/Paradox-IOS";
			};
			name = Debug;
		};
		1859948A1CAB97DE00C8D700 /* Release */ = {
			isa = XCBuildConfiguration;
			buildSettings = {
				BUNDLE_LOADER = "$(TEST_HOST)";
				INFOPLIST_FILE = "Paradox-IOSTests/Info.plist";
				LD_RUNPATH_SEARCH_PATHS = "$(inherited) @executable_path/Frameworks @loader_path/Frameworks";
				PRODUCT_BUNDLE_IDENTIFIER = "achillarige.Paradox-IOSTests";
				PRODUCT_NAME = "$(TARGET_NAME)";
				TEST_HOST = "$(BUILT_PRODUCTS_DIR)/Paradox-IOS.app/Paradox-IOS";
			};
			name = Release;
		};
/* End XCBuildConfiguration section */

/* Begin XCConfigurationList section */
		185994611CAB97DE00C8D700 /* Build configuration list for PBXProject "Paradox-IOS" */ = {
			isa = XCConfigurationList;
			buildConfigurations = (
				185994831CAB97DE00C8D700 /* Debug */,
				185994841CAB97DE00C8D700 /* Release */,
			);
			defaultConfigurationIsVisible = 0;
			defaultConfigurationName = Release;
		};
		185994851CAB97DE00C8D700 /* Build configuration list for PBXNativeTarget "Paradox-IOS" */ = {
			isa = XCConfigurationList;
			buildConfigurations = (
				185994861CAB97DE00C8D700 /* Debug */,
				185994871CAB97DE00C8D700 /* Release */,
			);
			defaultConfigurationIsVisible = 0;
		};
		185994881CAB97DE00C8D700 /* Build configuration list for PBXNativeTarget "Paradox-IOSTests" */ = {
			isa = XCConfigurationList;
			buildConfigurations = (
				185994891CAB97DE00C8D700 /* Debug */,
				1859948A1CAB97DE00C8D700 /* Release */,
			);
			defaultConfigurationIsVisible = 0;
		};
/* End XCConfigurationList section */
	};
	rootObject = 1859945E1CAB97DE00C8D700 /* Project object */;
}
